
Microsoft Visual Studio Solution File, Format Version 12.00
# Visual Studio Version 17
VisualStudioVersion = 17.11.35312.102
MinimumVisualStudioVersion = 10.0.40219.1
Project("{FAE04EC0-301F-11D3-BF4B-00C04F79EFBC}") = "ColletteAPI", "ColletteAPI\ColletteAPI.csproj", "{86DF6BC4-612D-424E-B014-4DAF8D8CD7AA}"
EndProject
Global
	GlobalSection(SolutionConfigurationPlatforms) = preSolution
		Debug|Any CPU = Debug|Any CPU
		Release|Any CPU = Release|Any CPU
	EndGlobalSection
	GlobalSection(ProjectConfigurationPlatforms) = postSolution
		{86DF6BC4-612D-424E-B014-4DAF8D8CD7AA}.Debug|Any CPU.ActiveCfg = Debug|Any CPU
		{86DF6BC4-612D-424E-B014-4DAF8D8CD7AA}.Debug|Any CPU.Build.0 = Debug|Any CPU
		{86DF6BC4-612D-424E-B014-4DAF8D8CD7AA}.Release|Any CPU.ActiveCfg = Release|Any CPU
		{86DF6BC4-612D-424E-B014-4DAF8D8CD7AA}.Release|Any CPU.Build.0 = Release|Any CPU
	EndGlobalSection
	GlobalSection(SolutionProperties) = preSolution
		HideSolutionNode = FALSE
	EndGlobalSection
	GlobalSection(ExtensibilityGlobals) = postSolution
		SolutionGuid = {9EC5BE60-C930-494D-8875-EA308832B03E}
	EndGlobalSection
EndGlobal
